// !$*UTF8*$!
{
	archiveVersion = 1;
	classes = {
	};
	objectVersion = 50;
	objects = {

/* Begin PBXBuildFile section */
		3BDC6C1F25F1920A00CDEEBE /* AppDelegate.swift in Sources */ = {isa = PBXBuildFile; fileRef = 3BDC6C1E25F1920A00CDEEBE /* AppDelegate.swift */; };
		3BDC6C2125F1920A00CDEEBE /* SceneDelegate.swift in Sources */ = {isa = PBXBuildFile; fileRef = 3BDC6C2025F1920A00CDEEBE /* SceneDelegate.swift */; };
		3BDC6C2325F1920A00CDEEBE /* ViewController.swift in Sources */ = {isa = PBXBuildFile; fileRef = 3BDC6C2225F1920A00CDEEBE /* ViewController.swift */; };
		3BDC6C2625F1920A00CDEEBE /* Main.storyboard in Resources */ = {isa = PBXBuildFile; fileRef = 3BDC6C2425F1920A00CDEEBE /* Main.storyboard */; };
		3BDC6C2825F1920D00CDEEBE /* Assets.xcassets in Resources */ = {isa = PBXBuildFile; fileRef = 3BDC6C2725F1920D00CDEEBE /* Assets.xcassets */; };
		3BDC6C2B25F1920D00CDEEBE /* LaunchScreen.storyboard in Resources */ = {isa = PBXBuildFile; fileRef = 3BDC6C2925F1920D00CDEEBE /* LaunchScreen.storyboard */; };
		6D204A20B3C3BC93A89BE17B /* Pods_AramofireTutorial.framework in Frameworks */ = {isa = PBXBuildFile; fileRef = 2C3D3A599E81D44BE0D0F543 /* Pods_AramofireTutorial.framework */; };
/* End PBXBuildFile section */

/* Begin PBXFileReference section */
		2C3D3A599E81D44BE0D0F543 /* Pods_AramofireTutorial.framework */ = {isa = PBXFileReference; explicitFileType = wrapper.framework; includeInIndex = 0; path = Pods_AramofireTutorial.framework; sourceTree = BUILT_PRODUCTS_DIR; };
		3BDC6C1B25F1920A00CDEEBE /* AramofireTutorial.app */ = {isa = PBXFileReference; explicitFileType = wrapper.application; includeInIndex = 0; path = AramofireTutorial.app; sourceTree = BUILT_PRODUCTS_DIR; };
		3BDC6C1E25F1920A00CDEEBE /* AppDelegate.swift */ = {isa = PBXFileReference; lastKnownFileType = sourcecode.swift; path = AppDelegate.swift; sourceTree = "<group>"; };
		3BDC6C2025F1920A00CDEEBE /* SceneDelegate.swift */ = {isa = PBXFileReference; lastKnownFileType = sourcecode.swift; path = SceneDelegate.swift; sourceTree = "<group>"; };
		3BDC6C2225F1920A00CDEEBE /* ViewController.swift */ = {isa = PBXFileReference; lastKnownFileType = sourcecode.swift; path = ViewController.swift; sourceTree = "<group>"; };
		3BDC6C2525F1920A00CDEEBE /* Base */ = {isa = PBXFileReference; lastKnownFileType = file.storyboard; name = Base; path = Base.lproj/Main.storyboard; sourceTree = "<group>"; };
		3BDC6C2725F1920D00CDEEBE /* Assets.xcassets */ = {isa = PBXFileReference; lastKnownFileType = folder.assetcatalog; path = Assets.xcassets; sourceTree = "<group>"; };
		3BDC6C2A25F1920D00CDEEBE /* Base */ = {isa = PBXFileReference; lastKnownFileType = file.storyboard; name = Base; path = Base.lproj/LaunchScreen.storyboard; sourceTree = "<group>"; };
		3BDC6C2C25F1920D00CDEEBE /* Info.plist */ = {isa = PBXFileReference; lastKnownFileType = text.plist.xml; path = Info.plist; sourceTree = "<group>"; };
		68CD78252069EEDB0F68CBAE /* Pods-AramofireTutorial.debug.xcconfig */ = {isa = PBXFileReference; includeInIndex = 1; lastKnownFileType = text.xcconfig; name = "Pods-AramofireTutorial.debug.xcconfig"; path = "Target Support Files/Pods-AramofireTutorial/Pods-AramofireTutorial.debug.xcconfig"; sourceTree = "<group>"; };
		C30C0A2E0132BA52C33ACEFF /* Pods-AramofireTutorial.release.xcconfig */ = {isa = PBXFileReference; includeInIndex = 1; lastKnownFileType = text.xcconfig; name = "Pods-AramofireTutorial.release.xcconfig"; path = "Target Support Files/Pods-AramofireTutorial/Pods-AramofireTutorial.release.xcconfig"; sourceTree = "<group>"; };
/* End PBXFileReference section */

/* Begin PBXFrameworksBuildPhase section */
		3BDC6C1825F1920A00CDEEBE /* Frameworks */ = {
			isa = PBXFrameworksBuildPhase;
			buildActionMask = 2147483647;
			files = (
				6D204A20B3C3BC93A89BE17B /* Pods_AramofireTutorial.framework in Frameworks */,
			);
			runOnlyForDeploymentPostprocessing = 0;
		};
/* End PBXFrameworksBuildPhase section */

/* Begin PBXGroup section */
		3BDC6C1225F1920A00CDEEBE = {
			isa = PBXGroup;
			children = (
				3BDC6C1D25F1920A00CDEEBE /* AramofireTutorial */,
				3BDC6C1C25F1920A00CDEEBE /* Products */,
				91119BC7134882E8525B5C19 /* Pods */,
				69DD47DAE347FF1D64AEFE8D /* Frameworks */,
			);
			sourceTree = "<group>";
		};
		3BDC6C1C25F1920A00CDEEBE /* Products */ = {
			isa = PBXGroup;
			children = (
				3BDC6C1B25F1920A00CDEEBE /* AramofireTutorial.app */,
			);
			name = Products;
			sourceTree = "<group>";
		};
		3BDC6C1D25F1920A00CDEEBE /* AramofireTutorial */ = {
			isa = PBXGroup;
			children = (
				3BDC6C1E25F1920A00CDEEBE /* AppDelegate.swift */,
				3BDC6C2025F1920A00CDEEBE /* SceneDelegate.swift */,
				3BDC6C2225F1920A00CDEEBE /* ViewController.swift */,
				3BDC6C2425F1920A00CDEEBE /* Main.storyboard */,
				3BDC6C2725F1920D00CDEEBE /* Assets.xcassets */,
				3BDC6C2925F1920D00CDEEBE /* LaunchScreen.storyboard */,
				3BDC6C2C25F1920D00CDEEBE /* Info.plist */,
			);
			path = AramofireTutorial;
			sourceTree = "<group>";
		};
		69DD47DAE347FF1D64AEFE8D /* Frameworks */ = {
			isa = PBXGroup;
			children = (
				2C3D3A599E81D44BE0D0F543 /* Pods_AramofireTutorial.framework */,
			);
			name = Frameworks;
			sourceTree = "<group>";
		};
		91119BC7134882E8525B5C19 /* Pods */ = {
			isa = PBXGroup;
			children = (
				68CD78252069EEDB0F68CBAE /* Pods-AramofireTutorial.debug.xcconfig */,
				C30C0A2E0132BA52C33ACEFF /* Pods-AramofireTutorial.release.xcconfig */,
			);
			name = Pods;
			path = Pods;
			sourceTree = "<group>";
		};
/* End PBXGroup section */

/* Begin PBXNativeTarget section */
		3BDC6C1A25F1920A00CDEEBE /* AramofireTutorial */ = {
			isa = PBXNativeTarget;
			buildConfigurationList = 3BDC6C2F25F1920D00CDEEBE /* Build configuration list for PBXNativeTarget "AramofireTutorial" */;
			buildPhases = (
				89C3B22BECAD8AA0FEC56322 /* [CP] Check Pods Manifest.lock */,
				3BDC6C1725F1920A00CDEEBE /* Sources */,
				3BDC6C1825F1920A00CDEEBE /* Frameworks */,
				3BDC6C1925F1920A00CDEEBE /* Resources */,
				BD9540900BBC239008661C3B /* [CP] Embed Pods Frameworks */,
			);
			buildRules = (
			);
			dependencies = (
			);
			name = AramofireTutorial;
			productName = AramofireTutorial;
			productReference = 3BDC6C1B25F1920A00CDEEBE /* AramofireTutorial.app */;
			productType = "com.apple.product-type.application";
		};
/* End PBXNativeTarget section */

/* Begin PBXProject section */
		3BDC6C1325F1920A00CDEEBE /* Project object */ = {
			isa = PBXProject;
			attributes = {
				LastSwiftUpdateCheck = 1210;
				LastUpgradeCheck = 1210;
				TargetAttributes = {
					3BDC6C1A25F1920A00CDEEBE = {
						CreatedOnToolsVersion = 12.1;
					};
				};
			};
			buildConfigurationList = 3BDC6C1625F1920A00CDEEBE /* Build configuration list for PBXProject "AramofireTutorial" */;
			compatibilityVersion = "Xcode 9.3";
			developmentRegion = en;
			hasScannedForEncodings = 0;
			knownRegions = (
				en,
				Base,
			);
			mainGroup = 3BDC6C1225F1920A00CDEEBE;
			productRefGroup = 3BDC6C1C25F1920A00CDEEBE /* Products */;
			projectDirPath = "";
			projectRoot = "";
			targets = (
				3BDC6C1A25F1920A00CDEEBE /* AramofireTutorial */,
			);
		};
/* End PBXProject section */

/* Begin PBXResourcesBuildPhase section */
		3BDC6C1925F1920A00CDEEBE /* Resources */ = {
			isa = PBXResourcesBuildPhase;
			buildActionMask = 2147483647;
			files = (
				3BDC6C2B25F1920D00CDEEBE /* LaunchScreen.storyboard in Resources */,
				3BDC6C2825F1920D00CDEEBE /* Assets.xcassets in Resources */,
				3BDC6C2625F1920A00CDEEBE /* Main.storyboard in Resources */,
			);
			runOnlyForDeploymentPostprocessing = 0;
		};
/* End PBXResourcesBuildPhase section */

/* Begin PBXShellScriptBuildPhase section */
		89C3B22BECAD8AA0FEC56322 /* [CP] Check Pods Manifest.lock */ = {
			isa = PBXShellScriptBuildPhase;
			buildActionMask = 2147483647;
			files = (
			);
			inputFileListPaths = (
			);
			inputPaths = (
				"${PODS_PODFILE_DIR_PATH}/Podfile.lock",
				"${PODS_ROOT}/Manifest.lock",
			);
			name = "[CP] Check Pods Manifest.lock";
			outputFileListPaths = (
			);
			outputPaths = (
				"$(DERIVED_FILE_DIR)/Pods-AramofireTutorial-checkManifestLockResult.txt",
			);
			runOnlyForDeploymentPostprocessing = 0;
			shellPath = /bin/sh;
			shellScript = "diff \"${PODS_PODFILE_DIR_PATH}/Podfile.lock\" \"${PODS_ROOT}/Manifest.lock\" > /dev/null\nif [ $? != 0 ] ; then\n    # print error to STDERR\n    echo \"error: The sandbox is not in sync with the Podfile.lock. Run 'pod install' or update your CocoaPods installation.\" >&2\n    exit 1\nfi\n# This output is used by Xcode 'outputs' to avoid re-running this script phase.\necho \"SUCCESS\" > \"${SCRIPT_OUTPUT_FILE_0}\"\n";
			showEnvVarsInLog = 0;
		};
		BD9540900BBC239008661C3B /* [CP] Embed Pods Frameworks */ = {
			isa = PBXShellScriptBuildPhase;
			buildActionMask = 2147483647;
			files = (
			);
			inputFileListPaths = (
				"${PODS_ROOT}/Target Support Files/Pods-AramofireTutorial/Pods-AramofireTutorial-frameworks-${CONFIGURATION}-input-files.xcfilelist",
			);
			name = "[CP] Embed Pods Frameworks";
			outputFileListPaths = (
				"${PODS_ROOT}/Target Support Files/Pods-AramofireTutorial/Pods-AramofireTutorial-frameworks-${CONFIGURATION}-output-files.xcfilelist",
			);
			runOnlyForDeploymentPostprocessing = 0;
			shellPath = /bin/sh;
			shellScript = "\"${PODS_ROOT}/Target Support Files/Pods-AramofireTutorial/Pods-AramofireTutorial-frameworks.sh\"\n";
			showEnvVarsInLog = 0;
		};
/* End PBXShellScriptBuildPhase section */

/* Begin PBXSourcesBuildPhase section */
		3BDC6C1725F1920A00CDEEBE /* Sources */ = {
			isa = PBXSourcesBuildPhase;
			buildActionMask = 2147483647;
			files = (
				3BDC6C2325F1920A00CDEEBE /* ViewController.swift in Sources */,
				3BDC6C1F25F1920A00CDEEBE /* AppDelegate.swift in Sources */,
				3BDC6C2125F1920A00CDEEBE /* SceneDelegate.swift in Sources */,
			);
			runOnlyForDeploymentPostprocessing = 0;
		};
/* End PBXSourcesBuildPhase section */

/* Begin PBXVariantGroup section */
		3BDC6C2425F1920A00CDEEBE /* Main.storyboard */ = {
			isa = PBXVariantGroup;
			children = (
				3BDC6C2525F1920A00CDEEBE /* Base */,
			);
			name = Main.storyboard;
			sourceTree = "<group>";
		};
		3BDC6C2925F1920D00CDEEBE /* LaunchScreen.storyboard */ = {
			isa = PBXVariantGroup;
			children = (
				3BDC6C2A25F1920D00CDEEBE /* Base */,
			);
			name = LaunchScreen.storyboard;
			sourceTree = "<group>";
		};
/* End PBXVariantGroup section */

/* Begin XCBuildConfiguration section */
		3BDC6C2D25F1920D00CDEEBE /* Debug */ = {
			isa = XCBuildConfiguration;
			buildSettings = {
				ALWAYS_SEARCH_USER_PATHS = NO;
				CLANG_ANALYZER_NONNULL = YES;
				CLANG_ANALYZER_NUMBER_OBJECT_CONVERSION = YES_AGGRESSIVE;
				CLANG_CXX_LANGUAGE_STANDARD = "gnu++14";
				CLANG_CXX_LIBRARY = "libc++";
				CLANG_ENABLE_MODULES = YES;
				CLANG_ENABLE_OBJC_ARC = YES;
				CLANG_ENABLE_OBJC_WEAK = YES;
				CLANG_WARN_BLOCK_CAPTURE_AUTORELEASING = YES;
				CLANG_WARN_BOOL_CONVERSION = YES;
				CLANG_WARN_COMMA = YES;
				CLANG_WARN_CONSTANT_CONVERSION = YES;
				CLANG_WARN_DEPRECATED_OBJC_IMPLEMENTATIONS = YES;
				CLANG_WARN_DIRECT_OBJC_ISA_USAGE = YES_ERROR;
				CLANG_WARN_DOCUMENTATION_COMMENTS = YES;
				CLANG_WARN_EMPTY_BODY = YES;
				CLANG_WARN_ENUM_CONVERSION = YES;
				CLANG_WARN_INFINITE_RECURSION = YES;
				CLANG_WARN_INT_CONVERSION = YES;
				CLANG_WARN_NON_LITERAL_NULL_CONVERSION = YES;
				CLANG_WARN_OBJC_IMPLICIT_RETAIN_SELF = YES;
				CLANG_WARN_OBJC_LITERAL_CONVERSION = YES;
				CLANG_WARN_OBJC_ROOT_CLASS = YES_ERROR;
				CLANG_WARN_QUOTED_INCLUDE_IN_FRAMEWORK_HEADER = YES;
				CLANG_WARN_RANGE_LOOP_ANALYSIS = YES;
				CLANG_WARN_STRICT_PROTOTYPES = YES;
				CLANG_WARN_SUSPICIOUS_MOVE = YES;
				CLANG_WARN_UNGUARDED_AVAILABILITY = YES_AGGRESSIVE;
				CLANG_WARN_UNREACHABLE_CODE = YES;
				CLANG_WARN__DUPLICATE_METHOD_MATCH = YES;
				COPY_PHASE_STRIP = NO;
				DEBUG_INFORMATION_FORMAT = dwarf;
				ENABLE_STRICT_OBJC_MSGSEND = YES;
				ENABLE_TESTABILITY = YES;
				GCC_C_LANGUAGE_STANDARD = gnu11;
				GCC_DYNAMIC_NO_PIC = NO;
				GCC_NO_COMMON_BLOCKS = YES;
				GCC_OPTIMIZATION_LEVEL = 0;
				GCC_PREPROCESSOR_DEFINITIONS = (
					"DEBUG=1",
					"$(inherited)",
				);
				GCC_WARN_64_TO_32_BIT_CONVERSION = YES;
				GCC_WARN_ABOUT_RETURN_TYPE = YES_ERROR;
				GCC_WARN_UNDECLARED_SELECTOR = YES;
				GCC_WARN_UNINITIALIZED_AUTOS = YES_AGGRESSIVE;
				GCC_WARN_UNUSED_FUNCTION = YES;
				GCC_WARN_UNUSED_VARIABLE = YES;
				IPHONEOS_DEPLOYMENT_TARGET = 14.1;
				MTL_ENABLE_DEBUG_INFO = INCLUDE_SOURCE;
				MTL_FAST_MATH = YES;
				ONLY_ACTIVE_ARCH = YES;
				SDKROOT = iphoneos;
				SWIFT_ACTIVE_COMPILATION_CONDITIONS = DEBUG;
				SWIFT_OPTIMIZATION_LEVEL = "-Onone";
			};
			name = Debug;
		};
		3BDC6C2E25F1920D00CDEEBE /* Release */ = {
			isa = XCBuildConfiguration;
			buildSettings = {
				ALWAYS_SEARCH_USER_PATHS = NO;
				CLANG_ANALYZER_NONNULL = YES;
				CLANG_ANALYZER_NUMBER_OBJECT_CONVERSION = YES_AGGRESSIVE;
				CLANG_CXX_LANGUAGE_STANDARD = "gnu++14";
				CLANG_CXX_LIBRARY = "libc++";
				CLANG_ENABLE_MODULES = YES;
				CLANG_ENABLE_OBJC_ARC = YES;
				CLANG_ENABLE_OBJC_WEAK = YES;
				CLANG_WARN_BLOCK_CAPTURE_AUTORELEASING = YES;
				CLANG_WARN_BOOL_CONVERSION = YES;
				CLANG_WARN_COMMA = YES;
				CLANG_WARN_CONSTANT_CONVERSION = YES;
				CLANG_WARN_DEPRECATED_OBJC_IMPLEMENTATIONS = YES;
				CLANG_WARN_DIRECT_OBJC_ISA_USAGE = YES_ERROR;
				CLANG_WARN_DOCUMENTATION_COMMENTS = YES;
				CLANG_WARN_EMPTY_BODY = YES;
				CLANG_WARN_ENUM_CONVERSION = YES;
				CLANG_WARN_INFINITE_RECURSION = YES;
				CLANG_WARN_INT_CONVERSION = YES;
				CLANG_WARN_NON_LITERAL_NULL_CONVERSION = YES;
				CLANG_WARN_OBJC_IMPLICIT_RETAIN_SELF = YES;
				CLANG_WARN_OBJC_LITERAL_CONVERSION = YES;
				CLANG_WARN_OBJC_ROOT_CLASS = YES_ERROR;
				CLANG_WARN_QUOTED_INCLUDE_IN_FRAMEWORK_HEADER = YES;
				CLANG_WARN_RANGE_LOOP_ANALYSIS = YES;
				CLANG_WARN_STRICT_PROTOTYPES = YES;
				CLANG_WARN_SUSPICIOUS_MOVE = YES;
				CLANG_WARN_UNGUARDED_AVAILABILITY = YES_AGGRESSIVE;
				CLANG_WARN_UNREACHABLE_CODE = YES;
				CLANG_WARN__DUPLICATE_METHOD_MATCH = YES;
				COPY_PHASE_STRIP = NO;
				DEBUG_INFORMATION_FORMAT = "dwarf-with-dsym";
				ENABLE_NS_ASSERTIONS = NO;
				ENABLE_STRICT_OBJC_MSGSEND = YES;
				GCC_C_LANGUAGE_STANDARD = gnu11;
				GCC_NO_COMMON_BLOCKS = YES;
				GCC_WARN_64_TO_32_BIT_CONVERSION = YES;
				GCC_WARN_ABOUT_RETURN_TYPE = YES_ERROR;
				GCC_WARN_UNDECLARED_SELECTOR = YES;
				GCC_WARN_UNINITIALIZED_AUTOS = YES_AGGRESSIVE;
				GCC_WARN_UNUSED_FUNCTION = YES;
				GCC_WARN_UNUSED_VARIABLE = YES;
				IPHONEOS_DEPLOYMENT_TARGET = 14.1;
				MTL_ENABLE_DEBUG_INFO = NO;
				MTL_FAST_MATH = YES;
				SDKROOT = iphoneos;
				SWIFT_COMPILATION_MODE = wholemodule;
				SWIFT_OPTIMIZATION_LEVEL = "-O";
				VALIDATE_PRODUCT = YES;
			};
			name = Release;
		};
		3BDC6C3025F1920D00CDEEBE /* Debug */ = {
			isa = XCBuildConfiguration;
			baseConfigurationReference = 68CD78252069EEDB0F68CBAE /* Pods-AramofireTutorial.debug.xcconfig */;
			buildSettings = {
				ASSETCATALOG_COMPILER_APPICON_NAME = AppIcon;
				ASSETCATALOG_COMPILER_GLOBAL_ACCENT_COLOR_NAME = AccentColor;
				CODE_SIGN_STYLE = Automatic;
				DEVELOPMENT_TEAM = MZS6GWM7ZN;
				INFOPLIST_FILE = AramofireTutorial/Info.plist;
				LD_RUNPATH_SEARCH_PATHS = (
					"$(inherited)",
					"@executable_path/Frameworks",
				);
				PRODUCT_BUNDLE_IDENTIFIER = com.antk.AramofireTutorial;
				PRODUCT_NAME = "$(TARGET_NAME)";
				SWIFT_VERSION = 5.0;
				TARGETED_DEVICE_FAMILY = 1;
			};
			name = Debug;
		};
		3BDC6C3125F1920D00CDEEBE /* Release */ = {
			isa = XCBuildConfiguration;
			baseConfigurationReference = C30C0A2E0132BA52C33ACEFF /* Pods-AramofireTutorial.release.xcconfig */;
			buildSettings = {
				ASSETCATALOG_COMPILER_APPICON_NAME = AppIcon;
				ASSETCATALOG_COMPILER_GLOBAL_ACCENT_COLOR_NAME = AccentColor;
				CODE_SIGN_STYLE = Automatic;
				DEVELOPMENT_TEAM = MZS6GWM7ZN;
				INFOPLIST_FILE = AramofireTutorial/Info.plist;
				LD_RUNPATH_SEARCH_PATHS = (
					"$(inherited)",
					"@executable_path/Frameworks",
				);
				PRODUCT_BUNDLE_IDENTIFIER = com.antk.AramofireTutorial;
				PRODUCT_NAME = "$(TARGET_NAME)";
				SWIFT_VERSION = 5.0;
				TARGETED_DEVICE_FAMILY = 1;
			};
			name = Release;
		};
/* End XCBuildConfiguration section */

/* Begin XCConfigurationList section */
		3BDC6C1625F1920A00CDEEBE /* Build configuration list for PBXProject "AramofireTutorial" */ = {
			isa = XCConfigurationList;
			buildConfigurations = (
				3BDC6C2D25F1920D00CDEEBE /* Debug */,
				3BDC6C2E25F1920D00CDEEBE /* Release */,
			);
			defaultConfigurationIsVisible = 0;
			defaultConfigurationName = Release;
		};
		3BDC6C2F25F1920D00CDEEBE /* Build configuration list for PBXNativeTarget "AramofireTutorial" */ = {
			isa = XCConfigurationList;
			buildConfigurations = (
				3BDC6C3025F1920D00CDEEBE /* Debug */,
				3BDC6C3125F1920D00CDEEBE /* Release */,
			);
			defaultConfigurationIsVisible = 0;
			defaultConfigurationName = Release;
		};
/* End XCConfigurationList section */
	};
	rootObject = 3BDC6C1325F1920A00CDEEBE /* Project object */;
}
